github.com/gorilla/websocket v1.4.2/go.mod h1:YR8l580nyteQvAITg2hZ9XVh4b55+EU/adAjf1fMHhE=
github.com/realPy/hogosuru v0.0.0-20210930181125-2c287c712a6e/go.mod h1:AfRJhftAAT8GMt/ryNNNdDOipJk8fA/Q2z+QCsl0yOc=
github.com/realPy/hogosuru v0.0.0-20211001183015-34135387b48e h1:uZgi97XN2MMbNao/1aLiCI3UxsWmh729utONWsKzSYI=
github.com/realPy/hogosuru v0.0.0-20211001183015-34135387b48e/go.mod h1:AfRJhftAAT8GMt/ryNNNdDOipJk8fA/Q2z+QCsl0yOc=
github.com/realPy/hogosuru v0.0.0-20211007115047-ccc923c4f8ff h1:2kd3Nw5tnfjYftK/tlkQvKvvSVcGVQKP+qk6uIdM0fk=
github.com/realPy/hogosuru v0.0.0-20211007115047-ccc923c4f8ff/go.mod h1:AfRJhftAAT8GMt/ryNNNdDOipJk8fA/Q2z+QCsl0yOc=
github.com/realPy/hogosuru v0.0.0-20211009092406-3e263c9487d3 h1:ipEWW/7P1MVe6/AlBOi61/eMv2v6s75sq1mDGB8azZ4=
github.com/realPy/hogosuru v0.0.0-20211009092406-3e263c9487d3/go.mod h1:AfRJhftAAT8GMt/ryNNNdDOipJk8fA/Q2z+QCsl0yOc=
