github.com/gorilla/websocket v1.4.2/go.mod h1:YR8l580nyteQvAITg2hZ9XVh4b55+EU/adAjf1fMHhE=
github.com/realPy/hogosuru v0.0.0-20211009092406-3e263c9487d3 h1:ipEWW/7P1MVe6/AlBOi61/eMv2v6s75sq1mDGB8azZ4=
github.com/realPy/hogosuru v0.0.0-20211009092406-3e263c9487d3/go.mod h1:AfRJhftAAT8GMt/ryNNNdDOipJk8fA/Q2z+QCsl0yOc=
