github.com/gorilla/websocket v1.4.2/go.mod h1:YR8l580nyteQvAITg2hZ9XVh4b55+EU/adAjf1fMHhE=
github.com/realPy/hogosuru v0.0.0-20211009092406-3e263c9487d3 h1:ipEWW/7P1MVe6/AlBOi61/eMv2v6s75sq1mDGB8azZ4=
github.com/realPy/hogosuru v0.0.0-20211009092406-3e263c9487d3/go.mod h1:AfRJhftAAT8GMt/ryNNNdDOipJk8fA/Q2z+QCsl0yOc=
github.com/realPy/hogosuru v0.0.0-20211023162920-c6447daead58 h1:3vgYP+R5HbrvKWdBksvw1s7sxbNObED9/6fpMB2hjM4=
github.com/realPy/hogosuru v0.0.0-20211023162920-c6447daead58/go.mod h1:AfRJhftAAT8GMt/ryNNNdDOipJk8fA/Q2z+QCsl0yOc=
github.com/realPy/hogosuru v1.0.0-rc5.0.20211023094013-8147e79641b8 h1:/c+kdaCfQunLqD2UfrQIdgbYj+XcDPPulDZnyfFhQKo=
github.com/realPy/hogosuru v1.0.0-rc5.0.20211023094013-8147e79641b8/go.mod h1:AfRJhftAAT8GMt/ryNNNdDOipJk8fA/Q2z+QCsl0yOc=
github.com/realPy/hogosuru v1.4.1-0.20230728185626-e70160f0b243 h1:xRTwHI6iUSuBiX/ZtMW/qjb0pEZ04SLeWuGLS2XIiOo=
github.com/realPy/hogosuru v1.4.1-0.20230728185626-e70160f0b243/go.mod h1:N0uMX+J8lYvWZLjKoCRpAXJMvkvAuwj9p1Qev8rC6QA=
